
Microsoft Visual Studio Solution File, Format Version 12.00
# Visual Studio Version 17
VisualStudioVersion = 17.2.32414.248
MinimumVisualStudioVersion = 10.0.40219.1
Project("{9A19103F-16F7-4668-BE54-9A1E7A4F7556}") = "Simplic.OxS.Server", "Simplic.OxS.Server\Simplic.OxS.Server.csproj", "{FA92B5C7-88ED-4385-A060-4F9978784A9D}"
EndProject
Project("{9A19103F-16F7-4668-BE54-9A1E7A4F7556}") = "Simplic.OxS.Data", "Simplic.OxS.Data\Simplic.OxS.Data.csproj", "{682AB2D6-8E35-4CFF-A292-02CA939A3E83}"
EndProject
Project("{9A19103F-16F7-4668-BE54-9A1E7A4F7556}") = "Simplic.OxS.Data.MongoDB", "Simplic.OxS.Data.MongoDB\Simplic.OxS.Data.MongoDB.csproj", "{4A62CFB9-EA2E-45C2-A0AB-3992239E1473}"
EndProject
Project("{9A19103F-16F7-4668-BE54-9A1E7A4F7556}") = "Simplic.OxS.MessageBroker", "Simplic.OxS.MessageBroker\Simplic.OxS.MessageBroker.csproj", "{AE309A79-C90D-491D-8888-B1547A51D8F6}"
EndProject
Project("{2150E333-8FDC-42A3-9474-1A3956D46DE8}") = "AuthService", "AuthService", "{BEA738E0-29B1-414C-8A73-F2C4EE739733}"
EndProject
Project("{2150E333-8FDC-42A3-9474-1A3956D46DE8}") = "BackgroundService", "BackgroundService", "{7E6C0D51-5EAF-4DB5-884F-4D35A30C3037}"
EndProject
Project("{9A19103F-16F7-4668-BE54-9A1E7A4F7556}") = "Simplic.OxS.Auth", "Simplic.OxS.Auth\Simplic.OxS.Auth.csproj", "{A2C8AC1A-4E2E-4F43-820E-4033BB4E3F66}"
EndProject
Project("{9A19103F-16F7-4668-BE54-9A1E7A4F7556}") = "Simplic.OxS.Auth.Data.MongoDB", "Simplic.OxS.Auth.Data.MongoDB\Simplic.OxS.Auth.Data.MongoDB.csproj", "{6BBD6C8A-7D38-417C-9678-A3DE61F4BCD3}"
EndProject
Project("{9A19103F-16F7-4668-BE54-9A1E7A4F7556}") = "Simplic.OxS.Auth.Service", "Simplic.OxS.Auth.Service\Simplic.OxS.Auth.Service.csproj", "{02BD6EFB-53AE-4432-9079-9ECEBC442268}"
EndProject
Project("{9A19103F-16F7-4668-BE54-9A1E7A4F7556}") = "Simplic.OxS.Auth.Server", "Simplic.OxS.Auth.Server\Simplic.OxS.Auth.Server.csproj", "{24EA2FB8-544A-4E89-8670-575BA71462F2}"
EndProject
Project("{9A19103F-16F7-4668-BE54-9A1E7A4F7556}") = "Simplic.OxS.Auth.SchemaRegistry", "Simplic.OxS.Auth.SchemaRegistry\Simplic.OxS.Auth.SchemaRegistry.csproj", "{E5BF5980-0C49-450E-8C95-C551F4698121}"
EndProject
Project("{2150E333-8FDC-42A3-9474-1A3956D46DE8}") = "SchemaRegistry", "SchemaRegistry", "{77DDACAC-E3BF-4C7C-A2A2-C08AEE70729B}"
EndProject
Project("{9A19103F-16F7-4668-BE54-9A1E7A4F7556}") = "Simplic.OxS.Mail.SchemaRegistry", "Simplic.OxS.Mail.SchemaRegistry\Simplic.OxS.Mail.SchemaRegistry.csproj", "{8E8FFD1E-115B-4D75-8EAF-28127A5D818F}"
EndProject
Project("{9A19103F-16F7-4668-BE54-9A1E7A4F7556}") = "Simplic.OxS.Sms.SchemaRegistry", "Simplic.OxS.SMS.SchemaRegistry\Simplic.OxS.Sms.SchemaRegistry.csproj", "{1EED5251-2469-4718-8F05-DC524943F4B2}"
EndProject
Project("{9A19103F-16F7-4668-BE54-9A1E7A4F7556}") = "Simplic.OxS.Sms", "Simplic.OxS.Sms\Simplic.OxS.Sms.csproj", "{CE49A20D-CD45-4AEE-88E7-7C0214C7D543}"
EndProject
Project("{9A19103F-16F7-4668-BE54-9A1E7A4F7556}") = "Simplic.OxS.Mail", "Simplic.OxS.Mail\Simplic.OxS.Mail.csproj", "{15F3AA55-F16D-48B6-93A3-78642D68D320}"
EndProject
Project("{9A19103F-16F7-4668-BE54-9A1E7A4F7556}") = "Simplic.OxS", "Simplic.OxS\Simplic.OxS.csproj", "{AAF4ACC9-FE39-4665-9440-BAD3389C5FC0}"
EndProject
Project("{2150E333-8FDC-42A3-9474-1A3956D46DE8}") = "ENV", "ENV", "{28D72077-C469-464D-9AB4-E9F123ACAD3D}"
	ProjectSection(SolutionItems) = preProject
		..\azure-pipelines.yml = ..\azure-pipelines.yml
	EndProjectSection
EndProject
Global
	GlobalSection(SolutionConfigurationPlatforms) = preSolution
		Debug|Any CPU = Debug|Any CPU
		Release|Any CPU = Release|Any CPU
	EndGlobalSection
	GlobalSection(ProjectConfigurationPlatforms) = postSolution
		{FA92B5C7-88ED-4385-A060-4F9978784A9D}.Debug|Any CPU.ActiveCfg = Debug|Any CPU
		{FA92B5C7-88ED-4385-A060-4F9978784A9D}.Debug|Any CPU.Build.0 = Debug|Any CPU
		{FA92B5C7-88ED-4385-A060-4F9978784A9D}.Release|Any CPU.ActiveCfg = Release|Any CPU
		{FA92B5C7-88ED-4385-A060-4F9978784A9D}.Release|Any CPU.Build.0 = Release|Any CPU
		{682AB2D6-8E35-4CFF-A292-02CA939A3E83}.Debug|Any CPU.ActiveCfg = Debug|Any CPU
		{682AB2D6-8E35-4CFF-A292-02CA939A3E83}.Debug|Any CPU.Build.0 = Debug|Any CPU
		{682AB2D6-8E35-4CFF-A292-02CA939A3E83}.Release|Any CPU.ActiveCfg = Release|Any CPU
		{682AB2D6-8E35-4CFF-A292-02CA939A3E83}.Release|Any CPU.Build.0 = Release|Any CPU
		{4A62CFB9-EA2E-45C2-A0AB-3992239E1473}.Debug|Any CPU.ActiveCfg = Debug|Any CPU
		{4A62CFB9-EA2E-45C2-A0AB-3992239E1473}.Debug|Any CPU.Build.0 = Debug|Any CPU
		{4A62CFB9-EA2E-45C2-A0AB-3992239E1473}.Release|Any CPU.ActiveCfg = Release|Any CPU
		{4A62CFB9-EA2E-45C2-A0AB-3992239E1473}.Release|Any CPU.Build.0 = Release|Any CPU
		{AE309A79-C90D-491D-8888-B1547A51D8F6}.Debug|Any CPU.ActiveCfg = Debug|Any CPU
		{AE309A79-C90D-491D-8888-B1547A51D8F6}.Debug|Any CPU.Build.0 = Debug|Any CPU
		{AE309A79-C90D-491D-8888-B1547A51D8F6}.Release|Any CPU.ActiveCfg = Release|Any CPU
		{AE309A79-C90D-491D-8888-B1547A51D8F6}.Release|Any CPU.Build.0 = Release|Any CPU
		{A2C8AC1A-4E2E-4F43-820E-4033BB4E3F66}.Debug|Any CPU.ActiveCfg = Debug|Any CPU
		{A2C8AC1A-4E2E-4F43-820E-4033BB4E3F66}.Debug|Any CPU.Build.0 = Debug|Any CPU
		{A2C8AC1A-4E2E-4F43-820E-4033BB4E3F66}.Release|Any CPU.ActiveCfg = Release|Any CPU
		{A2C8AC1A-4E2E-4F43-820E-4033BB4E3F66}.Release|Any CPU.Build.0 = Release|Any CPU
		{6BBD6C8A-7D38-417C-9678-A3DE61F4BCD3}.Debug|Any CPU.ActiveCfg = Debug|Any CPU
		{6BBD6C8A-7D38-417C-9678-A3DE61F4BCD3}.Debug|Any CPU.Build.0 = Debug|Any CPU
		{6BBD6C8A-7D38-417C-9678-A3DE61F4BCD3}.Release|Any CPU.ActiveCfg = Release|Any CPU
		{6BBD6C8A-7D38-417C-9678-A3DE61F4BCD3}.Release|Any CPU.Build.0 = Release|Any CPU
		{02BD6EFB-53AE-4432-9079-9ECEBC442268}.Debug|Any CPU.ActiveCfg = Debug|Any CPU
		{02BD6EFB-53AE-4432-9079-9ECEBC442268}.Debug|Any CPU.Build.0 = Debug|Any CPU
		{02BD6EFB-53AE-4432-9079-9ECEBC442268}.Release|Any CPU.ActiveCfg = Release|Any CPU
		{02BD6EFB-53AE-4432-9079-9ECEBC442268}.Release|Any CPU.Build.0 = Release|Any CPU
		{24EA2FB8-544A-4E89-8670-575BA71462F2}.Debug|Any CPU.ActiveCfg = Debug|Any CPU
		{24EA2FB8-544A-4E89-8670-575BA71462F2}.Debug|Any CPU.Build.0 = Debug|Any CPU
		{24EA2FB8-544A-4E89-8670-575BA71462F2}.Release|Any CPU.ActiveCfg = Release|Any CPU
		{24EA2FB8-544A-4E89-8670-575BA71462F2}.Release|Any CPU.Build.0 = Release|Any CPU
		{E5BF5980-0C49-450E-8C95-C551F4698121}.Debug|Any CPU.ActiveCfg = Debug|Any CPU
		{E5BF5980-0C49-450E-8C95-C551F4698121}.Debug|Any CPU.Build.0 = Debug|Any CPU
		{E5BF5980-0C49-450E-8C95-C551F4698121}.Release|Any CPU.ActiveCfg = Release|Any CPU
		{E5BF5980-0C49-450E-8C95-C551F4698121}.Release|Any CPU.Build.0 = Release|Any CPU
		{8E8FFD1E-115B-4D75-8EAF-28127A5D818F}.Debug|Any CPU.ActiveCfg = Debug|Any CPU
		{8E8FFD1E-115B-4D75-8EAF-28127A5D818F}.Debug|Any CPU.Build.0 = Debug|Any CPU
		{8E8FFD1E-115B-4D75-8EAF-28127A5D818F}.Release|Any CPU.ActiveCfg = Release|Any CPU
		{8E8FFD1E-115B-4D75-8EAF-28127A5D818F}.Release|Any CPU.Build.0 = Release|Any CPU
		{1EED5251-2469-4718-8F05-DC524943F4B2}.Debug|Any CPU.ActiveCfg = Debug|Any CPU
		{1EED5251-2469-4718-8F05-DC524943F4B2}.Debug|Any CPU.Build.0 = Debug|Any CPU
		{1EED5251-2469-4718-8F05-DC524943F4B2}.Release|Any CPU.ActiveCfg = Release|Any CPU
		{1EED5251-2469-4718-8F05-DC524943F4B2}.Release|Any CPU.Build.0 = Release|Any CPU
		{CE49A20D-CD45-4AEE-88E7-7C0214C7D543}.Debug|Any CPU.ActiveCfg = Debug|Any CPU
		{CE49A20D-CD45-4AEE-88E7-7C0214C7D543}.Debug|Any CPU.Build.0 = Debug|Any CPU
		{CE49A20D-CD45-4AEE-88E7-7C0214C7D543}.Release|Any CPU.ActiveCfg = Release|Any CPU
		{CE49A20D-CD45-4AEE-88E7-7C0214C7D543}.Release|Any CPU.Build.0 = Release|Any CPU
		{15F3AA55-F16D-48B6-93A3-78642D68D320}.Debug|Any CPU.ActiveCfg = Debug|Any CPU
		{15F3AA55-F16D-48B6-93A3-78642D68D320}.Debug|Any CPU.Build.0 = Debug|Any CPU
		{15F3AA55-F16D-48B6-93A3-78642D68D320}.Release|Any CPU.ActiveCfg = Release|Any CPU
		{15F3AA55-F16D-48B6-93A3-78642D68D320}.Release|Any CPU.Build.0 = Release|Any CPU
		{AAF4ACC9-FE39-4665-9440-BAD3389C5FC0}.Debug|Any CPU.ActiveCfg = Debug|Any CPU
		{AAF4ACC9-FE39-4665-9440-BAD3389C5FC0}.Debug|Any CPU.Build.0 = Debug|Any CPU
		{AAF4ACC9-FE39-4665-9440-BAD3389C5FC0}.Release|Any CPU.ActiveCfg = Release|Any CPU
		{AAF4ACC9-FE39-4665-9440-BAD3389C5FC0}.Release|Any CPU.Build.0 = Release|Any CPU
	EndGlobalSection
	GlobalSection(SolutionProperties) = preSolution
		HideSolutionNode = FALSE
	EndGlobalSection
	GlobalSection(NestedProjects) = preSolution
		{A2C8AC1A-4E2E-4F43-820E-4033BB4E3F66} = {BEA738E0-29B1-414C-8A73-F2C4EE739733}
		{6BBD6C8A-7D38-417C-9678-A3DE61F4BCD3} = {BEA738E0-29B1-414C-8A73-F2C4EE739733}
		{02BD6EFB-53AE-4432-9079-9ECEBC442268} = {BEA738E0-29B1-414C-8A73-F2C4EE739733}
		{24EA2FB8-544A-4E89-8670-575BA71462F2} = {BEA738E0-29B1-414C-8A73-F2C4EE739733}
		{E5BF5980-0C49-450E-8C95-C551F4698121} = {BEA738E0-29B1-414C-8A73-F2C4EE739733}
		{8E8FFD1E-115B-4D75-8EAF-28127A5D818F} = {77DDACAC-E3BF-4C7C-A2A2-C08AEE70729B}
		{1EED5251-2469-4718-8F05-DC524943F4B2} = {77DDACAC-E3BF-4C7C-A2A2-C08AEE70729B}
		{CE49A20D-CD45-4AEE-88E7-7C0214C7D543} = {7E6C0D51-5EAF-4DB5-884F-4D35A30C3037}
		{15F3AA55-F16D-48B6-93A3-78642D68D320} = {7E6C0D51-5EAF-4DB5-884F-4D35A30C3037}
	EndGlobalSection
	GlobalSection(ExtensibilityGlobals) = postSolution
		SolutionGuid = {FA52CAFF-7CBF-4E64-9C54-DC8A18223567}
	EndGlobalSection
EndGlobal
