
Microsoft Visual Studio Solution File, Format Version 12.00
# Visual Studio Version 17
VisualStudioVersion = 17.2.32414.248
MinimumVisualStudioVersion = 10.0.40219.1
Project("{9A19103F-16F7-4668-BE54-9A1E7A4F7556}") = "Simplic.OxS.Server", "Simplic.OxS.Server\Simplic.OxS.Server.csproj", "{FA92B5C7-88ED-4385-A060-4F9978784A9D}"
EndProject
Project("{9A19103F-16F7-4668-BE54-9A1E7A4F7556}") = "Simplic.OxS.Data", "Simplic.OxS.Data\Simplic.OxS.Data.csproj", "{682AB2D6-8E35-4CFF-A292-02CA939A3E83}"
EndProject
Project("{9A19103F-16F7-4668-BE54-9A1E7A4F7556}") = "Simplic.OxS.Data.MongoDB", "Simplic.OxS.Data.MongoDB\Simplic.OxS.Data.MongoDB.csproj", "{4A62CFB9-EA2E-45C2-A0AB-3992239E1473}"
EndProject
Project("{9A19103F-16F7-4668-BE54-9A1E7A4F7556}") = "Simplic.OxS.MessageBroker", "Simplic.OxS.MessageBroker\Simplic.OxS.MessageBroker.csproj", "{AE309A79-C90D-491D-8888-B1547A51D8F6}"
EndProject
Project("{9A19103F-16F7-4668-BE54-9A1E7A4F7556}") = "Simplic.OxS", "Simplic.OxS\Simplic.OxS.csproj", "{AAF4ACC9-FE39-4665-9440-BAD3389C5FC0}"
EndProject
Project("{2150E333-8FDC-42A3-9474-1A3956D46DE8}") = "ENV", "ENV", "{28D72077-C469-464D-9AB4-E9F123ACAD3D}"
	ProjectSection(SolutionItems) = preProject
		..\.gitattributes = ..\.gitattributes
		..\.gitignore = ..\.gitignore
		..\azure-pipelines.yml = ..\azure-pipelines.yml
		..\README.md = ..\README.md
		..\release-notes.xml = ..\release-notes.xml
	EndProjectSection
EndProject
Project("{9A19103F-16F7-4668-BE54-9A1E7A4F7556}") = "Simplic.OxS.Server.Test", "Simplic.OxS.Server.Test\Simplic.OxS.Server.Test.csproj", "{B000A7EA-0D60-4B1C-A35B-E4595A71E996}"
EndProject
Project("{9A19103F-16F7-4668-BE54-9A1E7A4F7556}") = "Simplic.OxS.Hook", "Simplic.OxS.Hook\Simplic.OxS.Hook.csproj", "{DD4E374E-7580-4D61-A044-0C473BCD681B}"
EndProject
Project("{9A19103F-16F7-4668-BE54-9A1E7A4F7556}") = "Simplic.OxS.Cache", "Simplic.OxS.Cache\Simplic.OxS.Cache.csproj", "{E2E1F640-64C8-4B49-8A94-1E01700FDF4D}"
EndProject
Project("{2150E333-8FDC-42A3-9474-1A3956D46DE8}") = "Caching", "Caching", "{DC522C9B-3BC3-4011-B9AC-72B7197BC645}"
EndProject
Project("{9A19103F-16F7-4668-BE54-9A1E7A4F7556}") = "Simplic.OxS.Cache.Service", "Simplic.OxS.Cache.Service\Simplic.OxS.Cache.Service.csproj", "{28F78DC8-FA1B-461B-A911-7BB316C2FBC2}"
EndProject
Project("{9A19103F-16F7-4668-BE54-9A1E7A4F7556}") = "Simplic.OxS.Cache.Redis", "Simplic.OxS.Cache.Redis\Simplic.OxS.Cache.Redis.csproj", "{B15C5E42-B551-45CB-918D-CC5C769F1A12}"
EndProject
Project("{9A19103F-16F7-4668-BE54-9A1E7A4F7556}") = "Simplic.OxS.Data.Test", "Simplic.OxS.Data.Test\Simplic.OxS.Data.Test.csproj", "{863DF41B-1A10-4C58-B4E6-3DAF940391F8}"
EndProject
Project("{2150E333-8FDC-42A3-9474-1A3956D46DE8}") = "Tests", "Tests", "{BA912BDA-660A-4C58-A236-F3E3C9465F02}"
EndProject
Project("{9A19103F-16F7-4668-BE54-9A1E7A4F7556}") = "Simplic.OxS.InternalClient", "Simplic.OxS.InternalClient\Simplic.OxS.InternalClient.csproj", "{7BE6857A-F92F-4F88-81A9-A8832DAEFB67}"
EndProject
Project("{9A19103F-16F7-4668-BE54-9A1E7A4F7556}") = "Simplic.OxS.Scheduler", "Simplic.OxS.Scheduler\Simplic.OxS.Scheduler.csproj", "{0CA28AB6-2896-4A95-9848-F9429581467E}"
EndProject
Project("{2150E333-8FDC-42A3-9474-1A3956D46DE8}") = "Samples", "Samples", "{B05B66F0-326C-4DC0-B662-2BB0BEB63C67}"
EndProject
Project("{9A19103F-16F7-4668-BE54-9A1E7A4F7556}") = "Simplic.OxS.HangfireSample", "Simplic.OxS.HangfireSample\Simplic.OxS.HangfireSample.csproj", "{1AD91493-E8AE-44FD-8108-0F99772AA05D}"
EndProject
Global
	GlobalSection(SolutionConfigurationPlatforms) = preSolution
		Debug|Any CPU = Debug|Any CPU
		Release|Any CPU = Release|Any CPU
	EndGlobalSection
	GlobalSection(ProjectConfigurationPlatforms) = postSolution
		{FA92B5C7-88ED-4385-A060-4F9978784A9D}.Debug|Any CPU.ActiveCfg = Debug|Any CPU
		{FA92B5C7-88ED-4385-A060-4F9978784A9D}.Debug|Any CPU.Build.0 = Debug|Any CPU
		{FA92B5C7-88ED-4385-A060-4F9978784A9D}.Release|Any CPU.ActiveCfg = Release|Any CPU
		{FA92B5C7-88ED-4385-A060-4F9978784A9D}.Release|Any CPU.Build.0 = Release|Any CPU
		{682AB2D6-8E35-4CFF-A292-02CA939A3E83}.Debug|Any CPU.ActiveCfg = Debug|Any CPU
		{682AB2D6-8E35-4CFF-A292-02CA939A3E83}.Debug|Any CPU.Build.0 = Debug|Any CPU
		{682AB2D6-8E35-4CFF-A292-02CA939A3E83}.Release|Any CPU.ActiveCfg = Release|Any CPU
		{682AB2D6-8E35-4CFF-A292-02CA939A3E83}.Release|Any CPU.Build.0 = Release|Any CPU
		{4A62CFB9-EA2E-45C2-A0AB-3992239E1473}.Debug|Any CPU.ActiveCfg = Debug|Any CPU
		{4A62CFB9-EA2E-45C2-A0AB-3992239E1473}.Debug|Any CPU.Build.0 = Debug|Any CPU
		{4A62CFB9-EA2E-45C2-A0AB-3992239E1473}.Release|Any CPU.ActiveCfg = Release|Any CPU
		{4A62CFB9-EA2E-45C2-A0AB-3992239E1473}.Release|Any CPU.Build.0 = Release|Any CPU
		{AE309A79-C90D-491D-8888-B1547A51D8F6}.Debug|Any CPU.ActiveCfg = Debug|Any CPU
		{AE309A79-C90D-491D-8888-B1547A51D8F6}.Debug|Any CPU.Build.0 = Debug|Any CPU
		{AE309A79-C90D-491D-8888-B1547A51D8F6}.Release|Any CPU.ActiveCfg = Release|Any CPU
		{AE309A79-C90D-491D-8888-B1547A51D8F6}.Release|Any CPU.Build.0 = Release|Any CPU
		{AAF4ACC9-FE39-4665-9440-BAD3389C5FC0}.Debug|Any CPU.ActiveCfg = Debug|Any CPU
		{AAF4ACC9-FE39-4665-9440-BAD3389C5FC0}.Debug|Any CPU.Build.0 = Debug|Any CPU
		{AAF4ACC9-FE39-4665-9440-BAD3389C5FC0}.Release|Any CPU.ActiveCfg = Release|Any CPU
		{AAF4ACC9-FE39-4665-9440-BAD3389C5FC0}.Release|Any CPU.Build.0 = Release|Any CPU
		{B000A7EA-0D60-4B1C-A35B-E4595A71E996}.Debug|Any CPU.ActiveCfg = Debug|Any CPU
		{B000A7EA-0D60-4B1C-A35B-E4595A71E996}.Debug|Any CPU.Build.0 = Debug|Any CPU
		{B000A7EA-0D60-4B1C-A35B-E4595A71E996}.Release|Any CPU.ActiveCfg = Release|Any CPU
		{B000A7EA-0D60-4B1C-A35B-E4595A71E996}.Release|Any CPU.Build.0 = Release|Any CPU
		{DD4E374E-7580-4D61-A044-0C473BCD681B}.Debug|Any CPU.ActiveCfg = Debug|Any CPU
		{DD4E374E-7580-4D61-A044-0C473BCD681B}.Debug|Any CPU.Build.0 = Debug|Any CPU
		{DD4E374E-7580-4D61-A044-0C473BCD681B}.Release|Any CPU.ActiveCfg = Release|Any CPU
		{DD4E374E-7580-4D61-A044-0C473BCD681B}.Release|Any CPU.Build.0 = Release|Any CPU
		{E2E1F640-64C8-4B49-8A94-1E01700FDF4D}.Debug|Any CPU.ActiveCfg = Debug|Any CPU
		{E2E1F640-64C8-4B49-8A94-1E01700FDF4D}.Debug|Any CPU.Build.0 = Debug|Any CPU
		{E2E1F640-64C8-4B49-8A94-1E01700FDF4D}.Release|Any CPU.ActiveCfg = Release|Any CPU
		{E2E1F640-64C8-4B49-8A94-1E01700FDF4D}.Release|Any CPU.Build.0 = Release|Any CPU
		{28F78DC8-FA1B-461B-A911-7BB316C2FBC2}.Debug|Any CPU.ActiveCfg = Debug|Any CPU
		{28F78DC8-FA1B-461B-A911-7BB316C2FBC2}.Debug|Any CPU.Build.0 = Debug|Any CPU
		{28F78DC8-FA1B-461B-A911-7BB316C2FBC2}.Release|Any CPU.ActiveCfg = Release|Any CPU
		{28F78DC8-FA1B-461B-A911-7BB316C2FBC2}.Release|Any CPU.Build.0 = Release|Any CPU
		{B15C5E42-B551-45CB-918D-CC5C769F1A12}.Debug|Any CPU.ActiveCfg = Debug|Any CPU
		{B15C5E42-B551-45CB-918D-CC5C769F1A12}.Debug|Any CPU.Build.0 = Debug|Any CPU
		{B15C5E42-B551-45CB-918D-CC5C769F1A12}.Release|Any CPU.ActiveCfg = Release|Any CPU
		{B15C5E42-B551-45CB-918D-CC5C769F1A12}.Release|Any CPU.Build.0 = Release|Any CPU
		{863DF41B-1A10-4C58-B4E6-3DAF940391F8}.Debug|Any CPU.ActiveCfg = Debug|Any CPU
		{863DF41B-1A10-4C58-B4E6-3DAF940391F8}.Debug|Any CPU.Build.0 = Debug|Any CPU
		{863DF41B-1A10-4C58-B4E6-3DAF940391F8}.Release|Any CPU.ActiveCfg = Release|Any CPU
		{863DF41B-1A10-4C58-B4E6-3DAF940391F8}.Release|Any CPU.Build.0 = Release|Any CPU
		{7BE6857A-F92F-4F88-81A9-A8832DAEFB67}.Debug|Any CPU.ActiveCfg = Debug|Any CPU
		{7BE6857A-F92F-4F88-81A9-A8832DAEFB67}.Debug|Any CPU.Build.0 = Debug|Any CPU
		{7BE6857A-F92F-4F88-81A9-A8832DAEFB67}.Release|Any CPU.ActiveCfg = Release|Any CPU
		{7BE6857A-F92F-4F88-81A9-A8832DAEFB67}.Release|Any CPU.Build.0 = Release|Any CPU
		{0CA28AB6-2896-4A95-9848-F9429581467E}.Debug|Any CPU.ActiveCfg = Debug|Any CPU
		{0CA28AB6-2896-4A95-9848-F9429581467E}.Debug|Any CPU.Build.0 = Debug|Any CPU
		{0CA28AB6-2896-4A95-9848-F9429581467E}.Release|Any CPU.ActiveCfg = Release|Any CPU
		{0CA28AB6-2896-4A95-9848-F9429581467E}.Release|Any CPU.Build.0 = Release|Any CPU
		{1AD91493-E8AE-44FD-8108-0F99772AA05D}.Debug|Any CPU.ActiveCfg = Debug|Any CPU
		{1AD91493-E8AE-44FD-8108-0F99772AA05D}.Debug|Any CPU.Build.0 = Debug|Any CPU
		{1AD91493-E8AE-44FD-8108-0F99772AA05D}.Release|Any CPU.ActiveCfg = Release|Any CPU
		{1AD91493-E8AE-44FD-8108-0F99772AA05D}.Release|Any CPU.Build.0 = Release|Any CPU
	EndGlobalSection
	GlobalSection(SolutionProperties) = preSolution
		HideSolutionNode = FALSE
	EndGlobalSection
	GlobalSection(NestedProjects) = preSolution
		{B000A7EA-0D60-4B1C-A35B-E4595A71E996} = {BA912BDA-660A-4C58-A236-F3E3C9465F02}
		{E2E1F640-64C8-4B49-8A94-1E01700FDF4D} = {DC522C9B-3BC3-4011-B9AC-72B7197BC645}
		{28F78DC8-FA1B-461B-A911-7BB316C2FBC2} = {DC522C9B-3BC3-4011-B9AC-72B7197BC645}
		{B15C5E42-B551-45CB-918D-CC5C769F1A12} = {DC522C9B-3BC3-4011-B9AC-72B7197BC645}
		{863DF41B-1A10-4C58-B4E6-3DAF940391F8} = {BA912BDA-660A-4C58-A236-F3E3C9465F02}
		{1AD91493-E8AE-44FD-8108-0F99772AA05D} = {B05B66F0-326C-4DC0-B662-2BB0BEB63C67}
	EndGlobalSection
	GlobalSection(ExtensibilityGlobals) = postSolution
		SolutionGuid = {FA52CAFF-7CBF-4E64-9C54-DC8A18223567}
	EndGlobalSection
EndGlobal
